// !$*UTF8*$!
{
	archiveVersion = 1;
	classes = {
	};
	objectVersion = 50;
	objects = {

/* Begin PBXBuildFile section */
		31B7EA5C2E1FDC947DAE07A0 /* libPods-NeumorphismUI.a in Frameworks */ = {isa = PBXBuildFile; fileRef = C5CC388D8B3A4AE6681BBB0B /* libPods-NeumorphismUI.a */; };
		AB90B8D3242AEB1A00D3B8F4 /* AppDelegate.swift in Sources */ = {isa = PBXBuildFile; fileRef = AB90B8D2242AEB1A00D3B8F4 /* AppDelegate.swift */; };
		AB90B8D5242AEB1A00D3B8F4 /* SceneDelegate.swift in Sources */ = {isa = PBXBuildFile; fileRef = AB90B8D4242AEB1A00D3B8F4 /* SceneDelegate.swift */; };
		AB90B8D7242AEB1A00D3B8F4 /* ViewController.swift in Sources */ = {isa = PBXBuildFile; fileRef = AB90B8D6242AEB1A00D3B8F4 /* ViewController.swift */; };
		AB90B8DA242AEB1A00D3B8F4 /* Main.storyboard in Resources */ = {isa = PBXBuildFile; fileRef = AB90B8D8242AEB1A00D3B8F4 /* Main.storyboard */; };
		AB90B8DC242AEB1C00D3B8F4 /* Assets.xcassets in Resources */ = {isa = PBXBuildFile; fileRef = AB90B8DB242AEB1C00D3B8F4 /* Assets.xcassets */; };
		AB90B8DF242AEB1C00D3B8F4 /* LaunchScreen.storyboard in Resources */ = {isa = PBXBuildFile; fileRef = AB90B8DD242AEB1C00D3B8F4 /* LaunchScreen.storyboard */; };
/* End PBXBuildFile section */

/* Begin PBXFileReference section */
		1834633716DC5CDD2B117C48 /* Pods-NeumorphismUI.debug.xcconfig */ = {isa = PBXFileReference; includeInIndex = 1; lastKnownFileType = text.xcconfig; name = "Pods-NeumorphismUI.debug.xcconfig"; path = "Target Support Files/Pods-NeumorphismUI/Pods-NeumorphismUI.debug.xcconfig"; sourceTree = "<group>"; };
		672C1610F4E9F6CA5562AFE0 /* Pods-NeumorphismUI.release.xcconfig */ = {isa = PBXFileReference; includeInIndex = 1; lastKnownFileType = text.xcconfig; name = "Pods-NeumorphismUI.release.xcconfig"; path = "Target Support Files/Pods-NeumorphismUI/Pods-NeumorphismUI.release.xcconfig"; sourceTree = "<group>"; };
		AB90B8CF242AEB1A00D3B8F4 /* NeumorphismUI.app */ = {isa = PBXFileReference; explicitFileType = wrapper.application; includeInIndex = 0; path = NeumorphismUI.app; sourceTree = BUILT_PRODUCTS_DIR; };
		AB90B8D2242AEB1A00D3B8F4 /* AppDelegate.swift */ = {isa = PBXFileReference; lastKnownFileType = sourcecode.swift; path = AppDelegate.swift; sourceTree = "<group>"; };
		AB90B8D4242AEB1A00D3B8F4 /* SceneDelegate.swift */ = {isa = PBXFileReference; lastKnownFileType = sourcecode.swift; path = SceneDelegate.swift; sourceTree = "<group>"; };
		AB90B8D6242AEB1A00D3B8F4 /* ViewController.swift */ = {isa = PBXFileReference; lastKnownFileType = sourcecode.swift; path = ViewController.swift; sourceTree = "<group>"; };
		AB90B8D9242AEB1A00D3B8F4 /* Base */ = {isa = PBXFileReference; lastKnownFileType = file.storyboard; name = Base; path = Base.lproj/Main.storyboard; sourceTree = "<group>"; };
		AB90B8DB242AEB1C00D3B8F4 /* Assets.xcassets */ = {isa = PBXFileReference; lastKnownFileType = folder.assetcatalog; path = Assets.xcassets; sourceTree = "<group>"; };
		AB90B8DE242AEB1C00D3B8F4 /* Base */ = {isa = PBXFileReference; lastKnownFileType = file.storyboard; name = Base; path = Base.lproj/LaunchScreen.storyboard; sourceTree = "<group>"; };
		AB90B8E0242AEB1C00D3B8F4 /* Info.plist */ = {isa = PBXFileReference; lastKnownFileType = text.plist.xml; path = Info.plist; sourceTree = "<group>"; };
		C5CC388D8B3A4AE6681BBB0B /* libPods-NeumorphismUI.a */ = {isa = PBXFileReference; explicitFileType = archive.ar; includeInIndex = 0; path = "libPods-NeumorphismUI.a"; sourceTree = BUILT_PRODUCTS_DIR; };
/* End PBXFileReference section */

/* Begin PBXFrameworksBuildPhase section */
		AB90B8CC242AEB1A00D3B8F4 /* Frameworks */ = {
			isa = PBXFrameworksBuildPhase;
			buildActionMask = 2147483647;
			files = (
				31B7EA5C2E1FDC947DAE07A0 /* libPods-NeumorphismUI.a in Frameworks */,
			);
			runOnlyForDeploymentPostprocessing = 0;
		};
/* End PBXFrameworksBuildPhase section */

/* Begin PBXGroup section */
		01ECFA7D883B7EDCCEC1CAFC /* Pods */ = {
			isa = PBXGroup;
			children = (
				1834633716DC5CDD2B117C48 /* Pods-NeumorphismUI.debug.xcconfig */,
				672C1610F4E9F6CA5562AFE0 /* Pods-NeumorphismUI.release.xcconfig */,
			);
			name = Pods;
			path = Pods;
			sourceTree = "<group>";
		};
		1DA800687E9A53715552182A /* Frameworks */ = {
			isa = PBXGroup;
			children = (
				C5CC388D8B3A4AE6681BBB0B /* libPods-NeumorphismUI.a */,
			);
			name = Frameworks;
			sourceTree = "<group>";
		};
		AB90B8C6242AEB1A00D3B8F4 = {
			isa = PBXGroup;
			children = (
				AB90B8D1242AEB1A00D3B8F4 /* NeumorphismUI */,
				AB90B8D0242AEB1A00D3B8F4 /* Products */,
				01ECFA7D883B7EDCCEC1CAFC /* Pods */,
				1DA800687E9A53715552182A /* Frameworks */,
			);
			sourceTree = "<group>";
		};
		AB90B8D0242AEB1A00D3B8F4 /* Products */ = {
			isa = PBXGroup;
			children = (
				AB90B8CF242AEB1A00D3B8F4 /* NeumorphismUI.app */,
			);
			name = Products;
			sourceTree = "<group>";
		};
		AB90B8D1242AEB1A00D3B8F4 /* NeumorphismUI */ = {
			isa = PBXGroup;
			children = (
				AB90B8D2242AEB1A00D3B8F4 /* AppDelegate.swift */,
				AB90B8D4242AEB1A00D3B8F4 /* SceneDelegate.swift */,
				AB90B8D6242AEB1A00D3B8F4 /* ViewController.swift */,
				AB90B8D8242AEB1A00D3B8F4 /* Main.storyboard */,
				AB90B8DB242AEB1C00D3B8F4 /* Assets.xcassets */,
				AB90B8DD242AEB1C00D3B8F4 /* LaunchScreen.storyboard */,
				AB90B8E0242AEB1C00D3B8F4 /* Info.plist */,
			);
			path = NeumorphismUI;
			sourceTree = "<group>";
		};
/* End PBXGroup section */

/* Begin PBXNativeTarget section */
		AB90B8CE242AEB1A00D3B8F4 /* NeumorphismUI */ = {
			isa = PBXNativeTarget;
			buildConfigurationList = AB90B8E3242AEB1C00D3B8F4 /* Build configuration list for PBXNativeTarget "NeumorphismUI" */;
			buildPhases = (
				820A234DA229771B6AC140C6 /* [CP] Check Pods Manifest.lock */,
				AB90B8CB242AEB1A00D3B8F4 /* Sources */,
				AB90B8CC242AEB1A00D3B8F4 /* Frameworks */,
				AB90B8CD242AEB1A00D3B8F4 /* Resources */,
			);
			buildRules = (
			);
			dependencies = (
			);
			name = NeumorphismUI;
			productName = NeumorphismUI;
			productReference = AB90B8CF242AEB1A00D3B8F4 /* NeumorphismUI.app */;
			productType = "com.apple.product-type.application";
		};
/* End PBXNativeTarget section */

/* Begin PBXProject section */
		AB90B8C7242AEB1A00D3B8F4 /* Project object */ = {
			isa = PBXProject;
			attributes = {
				LastSwiftUpdateCheck = 1130;
				LastUpgradeCheck = 1130;
				ORGANIZATIONNAME = "Xcode Tips";
				TargetAttributes = {
					AB90B8CE242AEB1A00D3B8F4 = {
						CreatedOnToolsVersion = 11.3.1;
					};
				};
			};
			buildConfigurationList = AB90B8CA242AEB1A00D3B8F4 /* Build configuration list for PBXProject "NeumorphismUI" */;
			compatibilityVersion = "Xcode 9.3";
			developmentRegion = en;
			hasScannedForEncodings = 0;
			knownRegions = (
				en,
				Base,
			);
			mainGroup = AB90B8C6242AEB1A00D3B8F4;
			productRefGroup = AB90B8D0242AEB1A00D3B8F4 /* Products */;
			projectDirPath = "";
			projectRoot = "";
			targets = (
				AB90B8CE242AEB1A00D3B8F4 /* NeumorphismUI */,
			);
		};
/* End PBXProject section */

/* Begin PBXResourcesBuildPhase section */
		AB90B8CD242AEB1A00D3B8F4 /* Resources */ = {
			isa = PBXResourcesBuildPhase;
			buildActionMask = 2147483647;
			files = (
				AB90B8DF242AEB1C00D3B8F4 /* LaunchScreen.storyboard in Resources */,
				AB90B8DC242AEB1C00D3B8F4 /* Assets.xcassets in Resources */,
				AB90B8DA242AEB1A00D3B8F4 /* Main.storyboard in Resources */,
			);
			runOnlyForDeploymentPostprocessing = 0;
		};
/* End PBXResourcesBuildPhase section */

/* Begin PBXShellScriptBuildPhase section */
		820A234DA229771B6AC140C6 /* [CP] Check Pods Manifest.lock */ = {
			isa = PBXShellScriptBuildPhase;
			buildActionMask = 2147483647;
			files = (
			);
			inputFileListPaths = (
			);
			inputPaths = (
				"${PODS_PODFILE_DIR_PATH}/Podfile.lock",
				"${PODS_ROOT}/Manifest.lock",
			);
			name = "[CP] Check Pods Manifest.lock";
			outputFileListPaths = (
			);
			outputPaths = (
				"$(DERIVED_FILE_DIR)/Pods-NeumorphismUI-checkManifestLockResult.txt",
			);
			runOnlyForDeploymentPostprocessing = 0;
			shellPath = /bin/sh;
			shellScript = "diff \"${PODS_PODFILE_DIR_PATH}/Podfile.lock\" \"${PODS_ROOT}/Manifest.lock\" > /dev/null\nif [ $? != 0 ] ; then\n    # print error to STDERR\n    echo \"error: The sandbox is not in sync with the Podfile.lock. Run 'pod install' or update your CocoaPods installation.\" >&2\n    exit 1\nfi\n# This output is used by Xcode 'outputs' to avoid re-running this script phase.\necho \"SUCCESS\" > \"${SCRIPT_OUTPUT_FILE_0}\"\n";
			showEnvVarsInLog = 0;
		};
/* End PBXShellScriptBuildPhase section */

/* Begin PBXSourcesBuildPhase section */
		AB90B8CB242AEB1A00D3B8F4 /* Sources */ = {
			isa = PBXSourcesBuildPhase;
			buildActionMask = 2147483647;
			files = (
				AB90B8D7242AEB1A00D3B8F4 /* ViewController.swift in Sources */,
				AB90B8D3242AEB1A00D3B8F4 /* AppDelegate.swift in Sources */,
				AB90B8D5242AEB1A00D3B8F4 /* SceneDelegate.swift in Sources */,
			);
			runOnlyForDeploymentPostprocessing = 0;
		};
/* End PBXSourcesBuildPhase section */

/* Begin PBXVariantGroup section */
		AB90B8D8242AEB1A00D3B8F4 /* Main.storyboard */ = {
			isa = PBXVariantGroup;
			children = (
				AB90B8D9242AEB1A00D3B8F4 /* Base */,
			);
			name = Main.storyboard;
			sourceTree = "<group>";
		};
		AB90B8DD242AEB1C00D3B8F4 /* LaunchScreen.storyboard */ = {
			isa = PBXVariantGroup;
			children = (
				AB90B8DE242AEB1C00D3B8F4 /* Base */,
			);
			name = LaunchScreen.storyboard;
			sourceTree = "<group>";
		};
/* End PBXVariantGroup section */

/* Begin XCBuildConfiguration section */
		AB90B8E1242AEB1C00D3B8F4 /* Debug */ = {
			isa = XCBuildConfiguration;
			buildSettings = {
				ALWAYS_SEARCH_USER_PATHS = NO;
				CLANG_ANALYZER_NONNULL = YES;
				CLANG_ANALYZER_NUMBER_OBJECT_CONVERSION = YES_AGGRESSIVE;
				CLANG_CXX_LANGUAGE_STANDARD = "gnu++14";
				CLANG_CXX_LIBRARY = "libc++";
				CLANG_ENABLE_MODULES = YES;
				CLANG_ENABLE_OBJC_ARC = YES;
				CLANG_ENABLE_OBJC_WEAK = YES;
				CLANG_WARN_BLOCK_CAPTURE_AUTORELEASING = YES;
				CLANG_WARN_BOOL_CONVERSION = YES;
				CLANG_WARN_COMMA = YES;
				CLANG_WARN_CONSTANT_CONVERSION = YES;
				CLANG_WARN_DEPRECATED_OBJC_IMPLEMENTATIONS = YES;
				CLANG_WARN_DIRECT_OBJC_ISA_USAGE = YES_ERROR;
				CLANG_WARN_DOCUMENTATION_COMMENTS = YES;
				CLANG_WARN_EMPTY_BODY = YES;
				CLANG_WARN_ENUM_CONVERSION = YES;
				CLANG_WARN_INFINITE_RECURSION = YES;
				CLANG_WARN_INT_CONVERSION = YES;
				CLANG_WARN_NON_LITERAL_NULL_CONVERSION = YES;
				CLANG_WARN_OBJC_IMPLICIT_RETAIN_SELF = YES;
				CLANG_WARN_OBJC_LITERAL_CONVERSION = YES;
				CLANG_WARN_OBJC_ROOT_CLASS = YES_ERROR;
				CLANG_WARN_RANGE_LOOP_ANALYSIS = YES;
				CLANG_WARN_STRICT_PROTOTYPES = YES;
				CLANG_WARN_SUSPICIOUS_MOVE = YES;
				CLANG_WARN_UNGUARDED_AVAILABILITY = YES_AGGRESSIVE;
				CLANG_WARN_UNREACHABLE_CODE = YES;
				CLANG_WARN__DUPLICATE_METHOD_MATCH = YES;
				COPY_PHASE_STRIP = NO;
				DEBUG_INFORMATION_FORMAT = dwarf;
				ENABLE_STRICT_OBJC_MSGSEND = YES;
				ENABLE_TESTABILITY = YES;
				GCC_C_LANGUAGE_STANDARD = gnu11;
				GCC_DYNAMIC_NO_PIC = NO;
				GCC_NO_COMMON_BLOCKS = YES;
				GCC_OPTIMIZATION_LEVEL = 0;
				GCC_PREPROCESSOR_DEFINITIONS = (
					"DEBUG=1",
					"$(inherited)",
				);
				GCC_WARN_64_TO_32_BIT_CONVERSION = YES;
				GCC_WARN_ABOUT_RETURN_TYPE = YES_ERROR;
				GCC_WARN_UNDECLARED_SELECTOR = YES;
				GCC_WARN_UNINITIALIZED_AUTOS = YES_AGGRESSIVE;
				GCC_WARN_UNUSED_FUNCTION = YES;
				GCC_WARN_UNUSED_VARIABLE = YES;
				IPHONEOS_DEPLOYMENT_TARGET = 13.2;
				MTL_ENABLE_DEBUG_INFO = INCLUDE_SOURCE;
				MTL_FAST_MATH = YES;
				ONLY_ACTIVE_ARCH = YES;
				SDKROOT = iphoneos;
				SWIFT_ACTIVE_COMPILATION_CONDITIONS = DEBUG;
				SWIFT_OPTIMIZATION_LEVEL = "-Onone";
			};
			name = Debug;
		};
		AB90B8E2242AEB1C00D3B8F4 /* Release */ = {
			isa = XCBuildConfiguration;
			buildSettings = {
				ALWAYS_SEARCH_USER_PATHS = NO;
				CLANG_ANALYZER_NONNULL = YES;
				CLANG_ANALYZER_NUMBER_OBJECT_CONVERSION = YES_AGGRESSIVE;
				CLANG_CXX_LANGUAGE_STANDARD = "gnu++14";
				CLANG_CXX_LIBRARY = "libc++";
				CLANG_ENABLE_MODULES = YES;
				CLANG_ENABLE_OBJC_ARC = YES;
				CLANG_ENABLE_OBJC_WEAK = YES;
				CLANG_WARN_BLOCK_CAPTURE_AUTORELEASING = YES;
				CLANG_WARN_BOOL_CONVERSION = YES;
				CLANG_WARN_COMMA = YES;
				CLANG_WARN_CONSTANT_CONVERSION = YES;
				CLANG_WARN_DEPRECATED_OBJC_IMPLEMENTATIONS = YES;
				CLANG_WARN_DIRECT_OBJC_ISA_USAGE = YES_ERROR;
				CLANG_WARN_DOCUMENTATION_COMMENTS = YES;
				CLANG_WARN_EMPTY_BODY = YES;
				CLANG_WARN_ENUM_CONVERSION = YES;
				CLANG_WARN_INFINITE_RECURSION = YES;
				CLANG_WARN_INT_CONVERSION = YES;
				CLANG_WARN_NON_LITERAL_NULL_CONVERSION = YES;
				CLANG_WARN_OBJC_IMPLICIT_RETAIN_SELF = YES;
				CLANG_WARN_OBJC_LITERAL_CONVERSION = YES;
				CLANG_WARN_OBJC_ROOT_CLASS = YES_ERROR;
				CLANG_WARN_RANGE_LOOP_ANALYSIS = YES;
				CLANG_WARN_STRICT_PROTOTYPES = YES;
				CLANG_WARN_SUSPICIOUS_MOVE = YES;
				CLANG_WARN_UNGUARDED_AVAILABILITY = YES_AGGRESSIVE;
				CLANG_WARN_UNREACHABLE_CODE = YES;
				CLANG_WARN__DUPLICATE_METHOD_MATCH = YES;
				COPY_PHASE_STRIP = NO;
				DEBUG_INFORMATION_FORMAT = "dwarf-with-dsym";
				ENABLE_NS_ASSERTIONS = NO;
				ENABLE_STRICT_OBJC_MSGSEND = YES;
				GCC_C_LANGUAGE_STANDARD = gnu11;
				GCC_NO_COMMON_BLOCKS = YES;
				GCC_WARN_64_TO_32_BIT_CONVERSION = YES;
				GCC_WARN_ABOUT_RETURN_TYPE = YES_ERROR;
				GCC_WARN_UNDECLARED_SELECTOR = YES;
				GCC_WARN_UNINITIALIZED_AUTOS = YES_AGGRESSIVE;
				GCC_WARN_UNUSED_FUNCTION = YES;
				GCC_WARN_UNUSED_VARIABLE = YES;
				IPHONEOS_DEPLOYMENT_TARGET = 13.2;
				MTL_ENABLE_DEBUG_INFO = NO;
				MTL_FAST_MATH = YES;
				SDKROOT = iphoneos;
				SWIFT_COMPILATION_MODE = wholemodule;
				SWIFT_OPTIMIZATION_LEVEL = "-O";
				VALIDATE_PRODUCT = YES;
			};
			name = Release;
		};
		AB90B8E4242AEB1C00D3B8F4 /* Debug */ = {
			isa = XCBuildConfiguration;
			baseConfigurationReference = 1834633716DC5CDD2B117C48 /* Pods-NeumorphismUI.debug.xcconfig */;
			buildSettings = {
				ASSETCATALOG_COMPILER_APPICON_NAME = AppIcon;
				CODE_SIGN_STYLE = Automatic;
				DEVELOPMENT_TEAM = J36XH69Z83;
				INFOPLIST_FILE = NeumorphismUI/Info.plist;
				LD_RUNPATH_SEARCH_PATHS = (
					"$(inherited)",
					"@executable_path/Frameworks",
				);
				PRODUCT_BUNDLE_IDENTIFIER = com.xcodetips.NeumorphismUI;
				PRODUCT_NAME = "$(TARGET_NAME)";
				SWIFT_VERSION = 5.0;
				TARGETED_DEVICE_FAMILY = "1,2";
			};
			name = Debug;
		};
		AB90B8E5242AEB1C00D3B8F4 /* Release */ = {
			isa = XCBuildConfiguration;
			baseConfigurationReference = 672C1610F4E9F6CA5562AFE0 /* Pods-NeumorphismUI.release.xcconfig */;
			buildSettings = {
				ASSETCATALOG_COMPILER_APPICON_NAME = AppIcon;
				CODE_SIGN_STYLE = Automatic;
				DEVELOPMENT_TEAM = J36XH69Z83;
				INFOPLIST_FILE = NeumorphismUI/Info.plist;
				LD_RUNPATH_SEARCH_PATHS = (
					"$(inherited)",
					"@executable_path/Frameworks",
				);
				PRODUCT_BUNDLE_IDENTIFIER = com.xcodetips.NeumorphismUI;
				PRODUCT_NAME = "$(TARGET_NAME)";
				SWIFT_VERSION = 5.0;
				TARGETED_DEVICE_FAMILY = "1,2";
			};
			name = Release;
		};
/* End XCBuildConfiguration section */

/* Begin XCConfigurationList section */
		AB90B8CA242AEB1A00D3B8F4 /* Build configuration list for PBXProject "NeumorphismUI" */ = {
			isa = XCConfigurationList;
			buildConfigurations = (
				AB90B8E1242AEB1C00D3B8F4 /* Debug */,
				AB90B8E2242AEB1C00D3B8F4 /* Release */,
			);
			defaultConfigurationIsVisible = 0;
			defaultConfigurationName = Release;
		};
		AB90B8E3242AEB1C00D3B8F4 /* Build configuration list for PBXNativeTarget "NeumorphismUI" */ = {
			isa = XCConfigurationList;
			buildConfigurations = (
				AB90B8E4242AEB1C00D3B8F4 /* Debug */,
				AB90B8E5242AEB1C00D3B8F4 /* Release */,
			);
			defaultConfigurationIsVisible = 0;
			defaultConfigurationName = Release;
		};
/* End XCConfigurationList section */
	};
	rootObject = AB90B8C7242AEB1A00D3B8F4 /* Project object */;
}
